PODS:
  - Cache (6.0.0)
  - Imaginary (5.0.0):
    - Cache (~> 6.0.0)
  - Lightbox (2.5.0):
    - Imaginary (~> 5.0.0)
  - Resolver (1.5.0)

DEPENDENCIES:
  - Lightbox
  - Resolver

SPEC REPOS:
  trunk:
    - Cache
    - Imaginary
    - Lightbox
    - Resolver

SPEC CHECKSUMS:
  Cache: 4ca7e00363fca5455f26534e5607634c820ffc2d
  Imaginary: cf5e3a7dd6ab1dcbd47ba8ce5edf2307c4e99eb3
  Lightbox: cc3d5124f024fa8197fd23f913160db1c61a1852
  Resolver: 68984624572763018fd8ec7b8e3e8df0e3b6bba5

PODFILE CHECKSUM: 36dcd8275cd3c7ab1cebea8e25255f4c9ed4e797

COCOAPODS: 1.14.2
